PODS:
  - FlutterMacOS (1.0.0)
  - irondash_engine_context (0.0.1):
    - FlutterMacOS
  - xue_hua_video_player (1.0.0):
    - FlutterMacOS

DEPENDENCIES:
  - FlutterMacOS (from `Flutter/ephemeral`)
  - irondash_engine_context (from `Flutter/ephemeral/.symlinks/plugins/irondash_engine_context/macos`)
  - xue_hua_video_player (from `Flutter/ephemeral/.symlinks/plugins/xue_hua_video_player/macos`)

EXTERNAL SOURCES:
  FlutterMacOS:
    :path: Flutter/ephemeral
  irondash_engine_context:
    :path: Flutter/ephemeral/.symlinks/plugins/irondash_engine_context/macos
  xue_hua_video_player:
    :path: Flutter/ephemeral/.symlinks/plugins/xue_hua_video_player/macos

SPEC CHECKSUMS:
  FlutterMacOS: d0db08ddef1a9af05a5ec4b724367152bb0500b1
  irondash_engine_context: 893c7d96d20ce361d7e996f39d360c4c2f9869ba
  xue_hua_video_player: 3546998cae0055cfb4aad80990de3fe21a2c7a7f

PODFILE CHECKSUM: b615a56a04630ca62f8f942616fe5fc2bdab67ef

COCOAPODS: 1.16.2
