PODS:
  - FlutterMacOS (1.0.0)
  - xue_hua_video_player (1.0.0):
    - FlutterMacOS

DEPENDENCIES:
  - FlutterMacOS (from `Flutter/ephemeral`)
  - xue_hua_video_player (from `Flutter/ephemeral/.symlinks/plugins/xue_hua_video_player/macos`)

EXTERNAL SOURCES:
  FlutterMacOS:
    :path: Flutter/ephemeral
  xue_hua_video_player:
    :path: Flutter/ephemeral/.symlinks/plugins/xue_hua_video_player/macos

SPEC CHECKSUMS:
  FlutterMacOS: d0db08ddef1a9af05a5ec4b724367152bb0500b1
  xue_hua_video_player: 726115ebc6a15d57690d1bda80fe41a8bdb2a6da

PODFILE CHECKSUM: 54d867c82ac51cbd61b565781b9fada492027009

COCOAPODS: 1.16.2
